
Microsoft Visual Studio Solution File, Format Version 12.00
# Visual Studio 2012
Project("{FAE04EC0-301F-11D3-BF4B-00C04F79EFBC}") = "section1", "section1\section1.csproj", "{FCBC77E6-647A-44DF-A391-F6E3B6508FBD}"
EndProject
Global
	GlobalSection(SolutionConfigurationPlatforms) = preSolution
		Debug|Any CPU = Debug|Any CPU
		Release|Any CPU = Release|Any CPU
	EndGlobalSection
	GlobalSection(ProjectConfigurationPlatforms) = postSolution
		{FCBC77E6-647A-44DF-A391-F6E3B6508FBD}.Debug|Any CPU.ActiveCfg = Debug|Any CPU
		{FCBC77E6-647A-44DF-A391-F6E3B6508FBD}.Debug|Any CPU.Build.0 = Debug|Any CPU
		{FCBC77E6-647A-44DF-A391-F6E3B6508FBD}.Release|Any CPU.ActiveCfg = Release|Any CPU
		{FCBC77E6-647A-44DF-A391-F6E3B6508FBD}.Release|Any CPU.Build.0 = Release|Any CPU
	EndGlobalSection
EndGlobal
